<?xml version="1.0" encoding="UTF-8"?>
<Scheme
   LastUpgradeVersion = "0710"
   version = "1.3">
   <BuildAction
      parallelizeBuildables = "YES"
      buildImplicitDependencies = "YES">
      <BuildActionEntries>
         <BuildActionEntry
            buildForTesting = "YES"
            buildForRunning = "YES"
            buildForProfiling = "YES"
            buildForArchiving = "YES"
            buildForAnalyzing = "YES">
            <BuildableReference
               BuildableIdentifier = "primary"
               BlueprintIdentifier = "E27BAC391BE1DF7F003C9D31"
               BuildableName = "&#x4e4c;&#x9e21;&#x65c5;&#x6e38;0.1.0.app"
               BlueprintName = "&#x4e4c;&#x9e21;&#x65c5;&#x6e38;0.1.0"
               ReferencedContainer = "container:&#x4e4c;&#x9e21;&#x65c5;&#x6e38;0.1.0.xcodeproj">
            </BuildableReference>
         </BuildActionEntry>
      </BuildActionEntries>
   </BuildAction>
   <TestAction
      buildConfiguration = "Debug"
      selectedDebuggerIdentifier = "Xcode.DebuggerFoundation.Debugger.LLDB"
      selectedLauncherIdentifier = "Xcode.DebuggerFoundation.Launcher.LLDB"
      shouldUseLaunchSchemeArgsEnv = "YES">
      <Testables>
         <TestableReference
            skipped = "NO">
            <BuildableReference
               BuildableIdentifier = "primary"
               BlueprintIdentifier = "E27BAC521BE1DF80003C9D31"
               BuildableName = "&#x4e4c;&#x9e21;&#x65c5;&#x6e38;0.1.0Tests.xctest"
               BlueprintName = "&#x4e4c;&#x9e21;&#x65c5;&#x6e38;0.1.0Tests"
               ReferencedContainer = "container:&#x4e4c;&#x9e21;&#x65c5;&#x6e38;0.1.0.xcodeproj">
            </BuildableReference>
         </TestableReference>
         <TestableReference
            skipped = "NO">
            <BuildableReference
               BuildableIdentifier = "primary"
               BlueprintIdentifier = "E27BAC5D1BE1DF80003C9D31"
               BuildableName = "&#x4e4c;&#x9e21;&#x65c5;&#x6e38;0.1.0UITests.xctest"
               BlueprintName = "&#x4e4c;&#x9e21;&#x65c5;&#x6e38;0.1.0UITests"
               ReferencedContainer = "container:&#x4e4c;&#x9e21;&#x65c5;&#x6e38;0.1.0.xcodeproj">
            </BuildableReference>
         </TestableReference>
      </Testables>
      <MacroExpansion>
         <BuildableReference
            BuildableIdentifier = "primary"
            BlueprintIdentifier = "E27BAC391BE1DF7F003C9D31"
            BuildableName = "&#x4e4c;&#x9e21;&#x65c5;&#x6e38;0.1.0.app"
            BlueprintName = "&#x4e4c;&#x9e21;&#x65c5;&#x6e38;0.1.0"
            ReferencedContainer = "container:&#x4e4c;&#x9e21;&#x65c5;&#x6e38;0.1.0.xcodeproj">
         </BuildableReference>
      </MacroExpansion>
      <AdditionalOptions>
      </AdditionalOptions>
   </TestAction>
   <LaunchAction
      buildConfiguration = "Debug"
      selectedDebuggerIdentifier = "Xcode.DebuggerFoundation.Debugger.LLDB"
      selectedLauncherIdentifier = "Xcode.DebuggerFoundation.Launcher.LLDB"
      launchStyle = "0"
      useCustomWorkingDirectory = "NO"
      ignoresPersistentStateOnLaunch = "NO"
      debugDocumentVersioning = "YES"
      debugServiceExtension = "internal"
      allowLocationSimulation = "YES">
      <BuildableProductRunnable
         runnableDebuggingMode = "0">
         <BuildableReference
            BuildableIdentifier = "primary"
            BlueprintIdentifier = "E27BAC391BE1DF7F003C9D31"
            BuildableName = "&#x4e4c;&#x9e21;&#x65c5;&#x6e38;0.1.0.app"
            BlueprintName = "&#x4e4c;&#x9e21;&#x65c5;&#x6e38;0.1.0"
            ReferencedContainer = "container:&#x4e4c;&#x9e21;&#x65c5;&#x6e38;0.1.0.xcodeproj">
         </BuildableReference>
      </BuildableProductRunnable>
      <AdditionalOptions>
      </AdditionalOptions>
   </LaunchAction>
   <ProfileAction
      buildConfiguration = "Release"
      shouldUseLaunchSchemeArgsEnv = "YES"
      savedToolIdentifier = ""
      useCustomWorkingDirectory = "NO"
      debugDocumentVersioning = "YES">
      <BuildableProductRunnable
         runnableDebuggingMode = "0">
         <BuildableReference
            BuildableIdentifier = "primary"
            BlueprintIdentifier = "E27BAC391BE1DF7F003C9D31"
            BuildableName = "&#x4e4c;&#x9e21;&#x65c5;&#x6e38;0.1.0.app"
            BlueprintName = "&#x4e4c;&#x9e21;&#x65c5;&#x6e38;0.1.0"
            ReferencedContainer = "container:&#x4e4c;&#x9e21;&#x65c5;&#x6e38;0.1.0.xcodeproj">
         </BuildableReference>
      </BuildableProductRunnable>
   </ProfileAction>
   <AnalyzeAction
      buildConfiguration = "Debug">
   </AnalyzeAction>
   <ArchiveAction
      buildConfiguration = "Release"
      revealArchiveInOrganizer = "YES">
   </ArchiveAction>
</Scheme>
